Microsoft Visual Studio Solution File, Format Version 8.00
Project("{FAE04EC0-301F-11D3-BF4B-00C04F79EFBC}") = "ParentToChildCS", "ParentToChildCS\ParentToChildCS.csproj", "{333AA04D-E932-47BD-AC31-80645580ECEA}"
	ProjectSection(ProjectDependencies) = postProject
	EndProjectSection
EndProject
Project("{F184B08F-C81C-45F6-A57F-5ABD9991F28F}") = "ParentToChildVB", "ParentToChildVB\ParentToChildVB.vbproj", "{F7C18E0F-29BE-4C45-80AF-7DE2E01C72C7}"
	ProjectSection(ProjectDependencies) = postProject
	EndProjectSection
EndProject
Project("{FAE04EC0-301F-11D3-BF4B-00C04F79EFBC}") = "SiblingToSiblingCS", "SiblingToSiblingCS\SiblingToSiblingCS.csproj", "{1399DA03-D223-4AA9-B14B-7A653DECB33B}"
	ProjectSection(ProjectDependencies) = postProject
	EndProjectSection
EndProject
Project("{F184B08F-C81C-45F6-A57F-5ABD9991F28F}") = "SiblingToSiblingVB", "SiblingToSiblingVB\SiblingToSiblingVB.vbproj", "{85B19E3E-D626-4AF1-BAE1-D3E5B74B6E70}"
	ProjectSection(ProjectDependencies) = postProject
	EndProjectSection
EndProject
Global
	GlobalSection(SolutionConfiguration) = preSolution
		Debug = Debug
		Release = Release
	EndGlobalSection
	GlobalSection(ProjectConfiguration) = postSolution
		{333AA04D-E932-47BD-AC31-80645580ECEA}.Debug.ActiveCfg = Debug|.NET
		{333AA04D-E932-47BD-AC31-80645580ECEA}.Debug.Build.0 = Debug|.NET
		{333AA04D-E932-47BD-AC31-80645580ECEA}.Release.ActiveCfg = Release|.NET
		{333AA04D-E932-47BD-AC31-80645580ECEA}.Release.Build.0 = Release|.NET
		{F7C18E0F-29BE-4C45-80AF-7DE2E01C72C7}.Debug.ActiveCfg = Debug|.NET
		{F7C18E0F-29BE-4C45-80AF-7DE2E01C72C7}.Debug.Build.0 = Debug|.NET
		{F7C18E0F-29BE-4C45-80AF-7DE2E01C72C7}.Release.ActiveCfg = Release|.NET
		{F7C18E0F-29BE-4C45-80AF-7DE2E01C72C7}.Release.Build.0 = Release|.NET
		{1399DA03-D223-4AA9-B14B-7A653DECB33B}.Debug.ActiveCfg = Debug|.NET
		{1399DA03-D223-4AA9-B14B-7A653DECB33B}.Debug.Build.0 = Debug|.NET
		{1399DA03-D223-4AA9-B14B-7A653DECB33B}.Release.ActiveCfg = Release|.NET
		{1399DA03-D223-4AA9-B14B-7A653DECB33B}.Release.Build.0 = Release|.NET
		{85B19E3E-D626-4AF1-BAE1-D3E5B74B6E70}.Debug.ActiveCfg = Debug|.NET
		{85B19E3E-D626-4AF1-BAE1-D3E5B74B6E70}.Debug.Build.0 = Debug|.NET
		{85B19E3E-D626-4AF1-BAE1-D3E5B74B6E70}.Release.ActiveCfg = Release|.NET
		{85B19E3E-D626-4AF1-BAE1-D3E5B74B6E70}.Release.Build.0 = Release|.NET
	EndGlobalSection
	GlobalSection(ExtensibilityGlobals) = postSolution
	EndGlobalSection
	GlobalSection(ExtensibilityAddIns) = postSolution
	EndGlobalSection
EndGlobal
